// !$*UTF8*$!
{
	archiveVersion = 1;
	classes = {
	};
	objectVersion = 77;
	objects = {

/* Begin PBXBuildFile section */
		8BED088B2DE100BC00838DD7 /* TabBar in Frameworks */ = {isa = PBXBuildFile; productRef = 8BED088A2DE100BC00838DD7 /* TabBar */; };
		8BED088D2DE1031900838DD7 /* Login in Frameworks */ = {isa = PBXBuildFile; productRef = 8BED088C2DE1031900838DD7 /* Login */; };
		8BED089C2DE645E800838DD7 /* Login in Frameworks */ = {isa = PBXBuildFile; productRef = 8BED089B2DE645E800838DD7 /* Login */; };
		8BED089E2DE645EE00838DD7 /* TabBar in Frameworks */ = {isa = PBXBuildFile; productRef = 8BED089D2DE645EE00838DD7 /* TabBar */; };
/* End PBXBuildFile section */

/* Begin PBXContainerItemProxy section */
		8BED07FC2DE0D68500838DD7 /* PBXContainerItemProxy */ = {
			isa = PBXContainerItemProxy;
			containerPortal = 8BED07E62DE0D68300838DD7 /* Project object */;
			proxyType = 1;
			remoteGlobalIDString = 8BED07ED2DE0D68300838DD7;
			remoteInfo = BeatRate;
		};
		8BED08062DE0D68500838DD7 /* PBXContainerItemProxy */ = {
			isa = PBXContainerItemProxy;
			containerPortal = 8BED07E62DE0D68300838DD7 /* Project object */;
			proxyType = 1;
			remoteGlobalIDString = 8BED07ED2DE0D68300838DD7;
			remoteInfo = BeatRate;
		};
/* End PBXContainerItemProxy section */

/* Begin PBXFileReference section */
		8BED07EE2DE0D68300838DD7 /* BeatRate.app */ = {isa = PBXFileReference; explicitFileType = wrapper.application; includeInIndex = 0; path = BeatRate.app; sourceTree = BUILT_PRODUCTS_DIR; };
		8BED07FB2DE0D68500838DD7 /* BeatRateTests.xctest */ = {isa = PBXFileReference; explicitFileType = wrapper.cfbundle; includeInIndex = 0; path = BeatRateTests.xctest; sourceTree = BUILT_PRODUCTS_DIR; };
		8BED08052DE0D68500838DD7 /* BeatRateUITests.xctest */ = {isa = PBXFileReference; explicitFileType = wrapper.cfbundle; includeInIndex = 0; path = BeatRateUITests.xctest; sourceTree = BUILT_PRODUCTS_DIR; };
		8BED08462DE0DBFB00838DD7 /* BeatRate Development.app */ = {isa = PBXFileReference; explicitFileType = wrapper.application; includeInIndex = 0; path = "BeatRate Development.app"; sourceTree = BUILT_PRODUCTS_DIR; };
/* End PBXFileReference section */

/* Begin PBXFileSystemSynchronizedBuildFileExceptionSet section */
		8B613DF42DE71A69000782EB /* Exceptions for "Core" folder in "BeatRate" target */ = {
			isa = PBXFileSystemSynchronizedBuildFileExceptionSet;
			membershipExceptions = (
				Models,
			);
			target = 8BED07ED2DE0D68300838DD7 /* BeatRate */;
		};
		8B613DF52DE71A69000782EB /* Exceptions for "Core" folder in "BeatRate Development" target */ = {
			isa = PBXFileSystemSynchronizedBuildFileExceptionSet;
			membershipExceptions = (
				Models,
			);
			target = 8BED083F2DE0DBFB00838DD7 /* BeatRate Development */;
		};
		8BED086B2DE0F71D00838DD7 /* Exceptions for "App" folder in "BeatRate" target */ = {
			isa = PBXFileSystemSynchronizedBuildFileExceptionSet;
			membershipExceptions = (
				BeatRateTests/BeatRateTests.swift,
				BeatRateUITests/BeatRateUITests.swift,
				BeatRateUITests/BeatRateUITestsLaunchTests.swift,
			);
			target = 8BED07ED2DE0D68300838DD7 /* BeatRate */;
		};
		8BED086C2DE0F71D00838DD7 /* Exceptions for "App" folder in "BeatRate Development" target */ = {
			isa = PBXFileSystemSynchronizedBuildFileExceptionSet;
			membershipExceptions = (
				BeatRateTests/BeatRateTests.swift,
				BeatRateUITests/BeatRateUITests.swift,
				BeatRateUITests/BeatRateUITestsLaunchTests.swift,
			);
			target = 8BED083F2DE0DBFB00838DD7 /* BeatRate Development */;
		};
		8BED086D2DE0F71D00838DD7 /* Exceptions for "App" folder in "BeatRateTests" target */ = {
			isa = PBXFileSystemSynchronizedBuildFileExceptionSet;
			membershipExceptions = (
				BeatRateTests/BeatRateTests.swift,
			);
			target = 8BED07FA2DE0D68500838DD7 /* BeatRateTests */;
		};
		8BED086E2DE0F71D00838DD7 /* Exceptions for "App" folder in "BeatRateUITests" target */ = {
			isa = PBXFileSystemSynchronizedBuildFileExceptionSet;
			membershipExceptions = (
				BeatRateUITests/BeatRateUITests.swift,
				BeatRateUITests/BeatRateUITestsLaunchTests.swift,
			);
			target = 8BED08042DE0D68500838DD7 /* BeatRateUITests */;
		};
		8BED08732DE0F93F00838DD7 /* Exceptions for "Presentation" folder in "BeatRate" target */ = {
			isa = PBXFileSystemSynchronizedBuildFileExceptionSet;
			membershipExceptions = (
				Home,
				Login,
				Search,
				Settings,
				TabBar,
			);
			target = 8BED07ED2DE0D68300838DD7 /* BeatRate */;
		};
		8BED08742DE0F93F00838DD7 /* Exceptions for "Presentation" folder in "BeatRate Development" target */ = {
			isa = PBXFileSystemSynchronizedBuildFileExceptionSet;
			membershipExceptions = (
				Home,
				Login,
				Search,
				Settings,
				TabBar,
			);
			target = 8BED083F2DE0DBFB00838DD7 /* BeatRate Development */;
		};
		8BED087E2DE0FCCF00838DD7 /* Exceptions for "Data" folder in "BeatRate" target */ = {
			isa = PBXFileSystemSynchronizedBuildFileExceptionSet;
			membershipExceptions = (
				Repositories/LoginRepository,
			);
			target = 8BED07ED2DE0D68300838DD7 /* BeatRate */;
		};
		8BED087F2DE0FCCF00838DD7 /* Exceptions for "Data" folder in "BeatRate Development" target */ = {
			isa = PBXFileSystemSynchronizedBuildFileExceptionSet;
			membershipExceptions = (
				Repositories/LoginRepository,
			);
			target = 8BED083F2DE0DBFB00838DD7 /* BeatRate Development */;
		};
		8BED08822DE0FD1600838DD7 /* Exceptions for "Domain" folder in "BeatRate" target */ = {
			isa = PBXFileSystemSynchronizedBuildFileExceptionSet;
			membershipExceptions = (
				LoginUseCases,
			);
			target = 8BED07ED2DE0D68300838DD7 /* BeatRate */;
		};
		8BED08832DE0FD1600838DD7 /* Exceptions for "Domain" folder in "BeatRate Development" target */ = {
			isa = PBXFileSystemSynchronizedBuildFileExceptionSet;
			membershipExceptions = (
				LoginUseCases,
			);
			target = 8BED083F2DE0DBFB00838DD7 /* BeatRate Development */;
		};
/* End PBXFileSystemSynchronizedBuildFileExceptionSet section */

/* Begin PBXFileSystemSynchronizedRootGroup section */
		8BED07F02DE0D68300838DD7 /* App */ = {
			isa = PBXFileSystemSynchronizedRootGroup;
			exceptions = (
				8BED086B2DE0F71D00838DD7 /* Exceptions for "App" folder in "BeatRate" target */,
				8BED086C2DE0F71D00838DD7 /* Exceptions for "App" folder in "BeatRate Development" target */,
				8BED086D2DE0F71D00838DD7 /* Exceptions for "App" folder in "BeatRateTests" target */,
				8BED086E2DE0F71D00838DD7 /* Exceptions for "App" folder in "BeatRateUITests" target */,
			);
			path = App;
			sourceTree = "<group>";
		};
		8BED085D2DE0F6B500838DD7 /* Core */ = {
			isa = PBXFileSystemSynchronizedRootGroup;
			exceptions = (
				8B613DF42DE71A69000782EB /* Exceptions for "Core" folder in "BeatRate" target */,
				8B613DF52DE71A69000782EB /* Exceptions for "Core" folder in "BeatRate Development" target */,
			);
			path = Core;
			sourceTree = "<group>";
		};
		8BED085E2DE0F6C500838DD7 /* Data */ = {
			isa = PBXFileSystemSynchronizedRootGroup;
			exceptions = (
				8BED087E2DE0FCCF00838DD7 /* Exceptions for "Data" folder in "BeatRate" target */,
				8BED087F2DE0FCCF00838DD7 /* Exceptions for "Data" folder in "BeatRate Development" target */,
			);
			path = Data;
			sourceTree = "<group>";
		};
		8BED085F2DE0F6CD00838DD7 /* Domain */ = {
			isa = PBXFileSystemSynchronizedRootGroup;
			exceptions = (
				8BED08822DE0FD1600838DD7 /* Exceptions for "Domain" folder in "BeatRate" target */,
				8BED08832DE0FD1600838DD7 /* Exceptions for "Domain" folder in "BeatRate Development" target */,
			);
			path = Domain;
			sourceTree = "<group>";
		};
		8BED08612DE0F6DE00838DD7 /* Presentation */ = {
			isa = PBXFileSystemSynchronizedRootGroup;
			exceptions = (
				8BED08732DE0F93F00838DD7 /* Exceptions for "Presentation" folder in "BeatRate" target */,
				8BED08742DE0F93F00838DD7 /* Exceptions for "Presentation" folder in "BeatRate Development" target */,
			);
			path = Presentation;
			sourceTree = "<group>";
		};
/* End PBXFileSystemSynchronizedRootGroup section */

/* Begin PBXFrameworksBuildPhase section */
		8BED07EB2DE0D68300838DD7 /* Frameworks */ = {
			isa = PBXFrameworksBuildPhase;
			buildActionMask = 2147483647;
			files = (
				8BED089E2DE645EE00838DD7 /* TabBar in Frameworks */,
				8BED089C2DE645E800838DD7 /* Login in Frameworks */,
			);
			runOnlyForDeploymentPostprocessing = 0;
		};
		8BED07F82DE0D68500838DD7 /* Frameworks */ = {
			isa = PBXFrameworksBuildPhase;
			buildActionMask = 2147483647;
			files = (
			);
			runOnlyForDeploymentPostprocessing = 0;
		};
		8BED08022DE0D68500838DD7 /* Frameworks */ = {
			isa = PBXFrameworksBuildPhase;
			buildActionMask = 2147483647;
			files = (
			);
			runOnlyForDeploymentPostprocessing = 0;
		};
		8BED08412DE0DBFB00838DD7 /* Frameworks */ = {
			isa = PBXFrameworksBuildPhase;
			buildActionMask = 2147483647;
			files = (
				8BED088D2DE1031900838DD7 /* Login in Frameworks */,
				8BED088B2DE100BC00838DD7 /* TabBar in Frameworks */,
			);
			runOnlyForDeploymentPostprocessing = 0;
		};
/* End PBXFrameworksBuildPhase section */

/* Begin PBXGroup section */
		8BED07E52DE0D68300838DD7 = {
			isa = PBXGroup;
			children = (
				8BED07F02DE0D68300838DD7 /* App */,
				8BED085D2DE0F6B500838DD7 /* Core */,
				8BED085E2DE0F6C500838DD7 /* Data */,
				8BED085F2DE0F6CD00838DD7 /* Domain */,
				8BED08612DE0F6DE00838DD7 /* Presentation */,
				8BED07EF2DE0D68300838DD7 /* Products */,
			);
			sourceTree = "<group>";
		};
		8BED07EF2DE0D68300838DD7 /* Products */ = {
			isa = PBXGroup;
			children = (
				8BED07EE2DE0D68300838DD7 /* BeatRate.app */,
				8BED07FB2DE0D68500838DD7 /* BeatRateTests.xctest */,
				8BED08052DE0D68500838DD7 /* BeatRateUITests.xctest */,
				8BED08462DE0DBFB00838DD7 /* BeatRate Development.app */,
			);
			name = Products;
			sourceTree = "<group>";
		};
/* End PBXGroup section */

/* Begin PBXNativeTarget section */
		8BED07ED2DE0D68300838DD7 /* BeatRate */ = {
			isa = PBXNativeTarget;
			buildConfigurationList = 8BED080F2DE0D68500838DD7 /* Build configuration list for PBXNativeTarget "BeatRate" */;
			buildPhases = (
				8BED07EA2DE0D68300838DD7 /* Sources */,
				8BED07EB2DE0D68300838DD7 /* Frameworks */,
				8BED07EC2DE0D68300838DD7 /* Resources */,
			);
			buildRules = (
			);
			dependencies = (
			);
			fileSystemSynchronizedGroups = (
				8BED07F02DE0D68300838DD7 /* App */,
				8BED085D2DE0F6B500838DD7 /* Core */,
				8BED085E2DE0F6C500838DD7 /* Data */,
				8BED085F2DE0F6CD00838DD7 /* Domain */,
				8BED08612DE0F6DE00838DD7 /* Presentation */,
			);
			name = BeatRate;
			packageProductDependencies = (
				8BED089B2DE645E800838DD7 /* Login */,
				8BED089D2DE645EE00838DD7 /* TabBar */,
			);
			productName = BeatRate;
			productReference = 8BED07EE2DE0D68300838DD7 /* BeatRate.app */;
			productType = "com.apple.product-type.application";
		};
		8BED07FA2DE0D68500838DD7 /* BeatRateTests */ = {
			isa = PBXNativeTarget;
			buildConfigurationList = 8BED08122DE0D68500838DD7 /* Build configuration list for PBXNativeTarget "BeatRateTests" */;
			buildPhases = (
				8BED07F72DE0D68500838DD7 /* Sources */,
				8BED07F82DE0D68500838DD7 /* Frameworks */,
				8BED07F92DE0D68500838DD7 /* Resources */,
			);
			buildRules = (
			);
			dependencies = (
				8BED07FD2DE0D68500838DD7 /* PBXTargetDependency */,
			);
			name = BeatRateTests;
			packageProductDependencies = (
			);
			productName = BeatRateTests;
			productReference = 8BED07FB2DE0D68500838DD7 /* BeatRateTests.xctest */;
			productType = "com.apple.product-type.bundle.unit-test";
		};
		8BED08042DE0D68500838DD7 /* BeatRateUITests */ = {
			isa = PBXNativeTarget;
			buildConfigurationList = 8BED08152DE0D68500838DD7 /* Build configuration list for PBXNativeTarget "BeatRateUITests" */;
			buildPhases = (
				8BED08012DE0D68500838DD7 /* Sources */,
				8BED08022DE0D68500838DD7 /* Frameworks */,
				8BED08032DE0D68500838DD7 /* Resources */,
			);
			buildRules = (
			);
			dependencies = (
				8BED08072DE0D68500838DD7 /* PBXTargetDependency */,
			);
			name = BeatRateUITests;
			packageProductDependencies = (
			);
			productName = BeatRateUITests;
			productReference = 8BED08052DE0D68500838DD7 /* BeatRateUITests.xctest */;
			productType = "com.apple.product-type.bundle.ui-testing";
		};
		8BED083F2DE0DBFB00838DD7 /* BeatRate Development */ = {
			isa = PBXNativeTarget;
			buildConfigurationList = 8BED08432DE0DBFB00838DD7 /* Build configuration list for PBXNativeTarget "BeatRate Development" */;
			buildPhases = (
				8BED08402DE0DBFB00838DD7 /* Sources */,
				8BED08412DE0DBFB00838DD7 /* Frameworks */,
				8BED08422DE0DBFB00838DD7 /* Resources */,
			);
			buildRules = (
			);
			dependencies = (
			);
			fileSystemSynchronizedGroups = (
				8BED07F02DE0D68300838DD7 /* App */,
				8BED085D2DE0F6B500838DD7 /* Core */,
				8BED085E2DE0F6C500838DD7 /* Data */,
				8BED085F2DE0F6CD00838DD7 /* Domain */,
				8BED08612DE0F6DE00838DD7 /* Presentation */,
			);
			name = "BeatRate Development";
			packageProductDependencies = (
				8BED088A2DE100BC00838DD7 /* TabBar */,
				8BED088C2DE1031900838DD7 /* Login */,
			);
			productName = BeatRate;
			productReference = 8BED08462DE0DBFB00838DD7 /* BeatRate Development.app */;
			productType = "com.apple.product-type.application";
		};
/* End PBXNativeTarget section */

/* Begin PBXProject section */
		8BED07E62DE0D68300838DD7 /* Project object */ = {
			isa = PBXProject;
			attributes = {
				BuildIndependentTargetsInParallel = 1;
				LastSwiftUpdateCheck = 1630;
				LastUpgradeCheck = 1630;
				TargetAttributes = {
					8BED07ED2DE0D68300838DD7 = {
						CreatedOnToolsVersion = 16.3;
					};
					8BED07FA2DE0D68500838DD7 = {
						CreatedOnToolsVersion = 16.3;
						TestTargetID = 8BED07ED2DE0D68300838DD7;
					};
					8BED08042DE0D68500838DD7 = {
						CreatedOnToolsVersion = 16.3;
						TestTargetID = 8BED07ED2DE0D68300838DD7;
					};
				};
			};
			buildConfigurationList = 8BED07E92DE0D68300838DD7 /* Build configuration list for PBXProject "BeatRate" */;
			developmentRegion = en;
			hasScannedForEncodings = 0;
			knownRegions = (
				en,
				Base,
			);
			mainGroup = 8BED07E52DE0D68300838DD7;
			minimizedProjectReferenceProxies = 1;
			preferredProjectObjectVersion = 77;
			productRefGroup = 8BED07EF2DE0D68300838DD7 /* Products */;
			projectDirPath = "";
			projectRoot = "";
			targets = (
				8BED07ED2DE0D68300838DD7 /* BeatRate */,
				8BED083F2DE0DBFB00838DD7 /* BeatRate Development */,
				8BED07FA2DE0D68500838DD7 /* BeatRateTests */,
				8BED08042DE0D68500838DD7 /* BeatRateUITests */,
			);
		};
/* End PBXProject section */

/* Begin PBXResourcesBuildPhase section */
		8BED07EC2DE0D68300838DD7 /* Resources */ = {
			isa = PBXResourcesBuildPhase;
			buildActionMask = 2147483647;
			files = (
			);
			runOnlyForDeploymentPostprocessing = 0;
		};
		8BED07F92DE0D68500838DD7 /* Resources */ = {
			isa = PBXResourcesBuildPhase;
			buildActionMask = 2147483647;
			files = (
			);
			runOnlyForDeploymentPostprocessing = 0;
		};
		8BED08032DE0D68500838DD7 /* Resources */ = {
			isa = PBXResourcesBuildPhase;
			buildActionMask = 2147483647;
			files = (
			);
			runOnlyForDeploymentPostprocessing = 0;
		};
		8BED08422DE0DBFB00838DD7 /* Resources */ = {
			isa = PBXResourcesBuildPhase;
			buildActionMask = 2147483647;
			files = (
			);
			runOnlyForDeploymentPostprocessing = 0;
		};
/* End PBXResourcesBuildPhase section */

/* Begin PBXSourcesBuildPhase section */
		8BED07EA2DE0D68300838DD7 /* Sources */ = {
			isa = PBXSourcesBuildPhase;
			buildActionMask = 2147483647;
			files = (
			);
			runOnlyForDeploymentPostprocessing = 0;
		};
		8BED07F72DE0D68500838DD7 /* Sources */ = {
			isa = PBXSourcesBuildPhase;
			buildActionMask = 2147483647;
			files = (
			);
			runOnlyForDeploymentPostprocessing = 0;
		};
		8BED08012DE0D68500838DD7 /* Sources */ = {
			isa = PBXSourcesBuildPhase;
			buildActionMask = 2147483647;
			files = (
			);
			runOnlyForDeploymentPostprocessing = 0;
		};
		8BED08402DE0DBFB00838DD7 /* Sources */ = {
			isa = PBXSourcesBuildPhase;
			buildActionMask = 2147483647;
			files = (
			);
			runOnlyForDeploymentPostprocessing = 0;
		};
/* End PBXSourcesBuildPhase section */

/* Begin PBXTargetDependency section */
		8BED07FD2DE0D68500838DD7 /* PBXTargetDependency */ = {
			isa = PBXTargetDependency;
			target = 8BED07ED2DE0D68300838DD7 /* BeatRate */;
			targetProxy = 8BED07FC2DE0D68500838DD7 /* PBXContainerItemProxy */;
		};
		8BED08072DE0D68500838DD7 /* PBXTargetDependency */ = {
			isa = PBXTargetDependency;
			target = 8BED07ED2DE0D68300838DD7 /* BeatRate */;
			targetProxy = 8BED08062DE0D68500838DD7 /* PBXContainerItemProxy */;
		};
/* End PBXTargetDependency section */

/* Begin XCBuildConfiguration section */
		8BED080D2DE0D68500838DD7 /* Debug */ = {
			isa = XCBuildConfiguration;
			buildSettings = {
				ALWAYS_SEARCH_USER_PATHS = NO;
				ASSETCATALOG_COMPILER_GENERATE_SWIFT_ASSET_SYMBOL_EXTENSIONS = YES;
				CLANG_ANALYZER_NONNULL = YES;
				CLANG_ANALYZER_NUMBER_OBJECT_CONVERSION = YES_AGGRESSIVE;
				CLANG_CXX_LANGUAGE_STANDARD = "gnu++20";
				CLANG_ENABLE_MODULES = YES;
				CLANG_ENABLE_OBJC_ARC = YES;
				CLANG_ENABLE_OBJC_WEAK = YES;
				CLANG_WARN_BLOCK_CAPTURE_AUTORELEASING = YES;
				CLANG_WARN_BOOL_CONVERSION = YES;
				CLANG_WARN_COMMA = YES;
				CLANG_WARN_CONSTANT_CONVERSION = YES;
				CLANG_WARN_DEPRECATED_OBJC_IMPLEMENTATIONS = YES;
				CLANG_WARN_DIRECT_OBJC_ISA_USAGE = YES_ERROR;
				CLANG_WARN_DOCUMENTATION_COMMENTS = YES;
				CLANG_WARN_EMPTY_BODY = YES;
				CLANG_WARN_ENUM_CONVERSION = YES;
				CLANG_WARN_INFINITE_RECURSION = YES;
				CLANG_WARN_INT_CONVERSION = YES;
				CLANG_WARN_NON_LITERAL_NULL_CONVERSION = YES;
				CLANG_WARN_OBJC_IMPLICIT_RETAIN_SELF = YES;
				CLANG_WARN_OBJC_LITERAL_CONVERSION = YES;
				CLANG_WARN_OBJC_ROOT_CLASS = YES_ERROR;
				CLANG_WARN_QUOTED_INCLUDE_IN_FRAMEWORK_HEADER = YES;
				CLANG_WARN_RANGE_LOOP_ANALYSIS = YES;
				CLANG_WARN_STRICT_PROTOTYPES = YES;
				CLANG_WARN_SUSPICIOUS_MOVE = YES;
				CLANG_WARN_UNGUARDED_AVAILABILITY = YES_AGGRESSIVE;
				CLANG_WARN_UNREACHABLE_CODE = YES;
				CLANG_WARN__DUPLICATE_METHOD_MATCH = YES;
				COPY_PHASE_STRIP = NO;
				DEBUG_INFORMATION_FORMAT = dwarf;
				DEVELOPMENT_TEAM = 969V354CHJ;
				ENABLE_STRICT_OBJC_MSGSEND = YES;
				ENABLE_TESTABILITY = YES;
				ENABLE_USER_SCRIPT_SANDBOXING = YES;
				GCC_C_LANGUAGE_STANDARD = gnu17;
				GCC_DYNAMIC_NO_PIC = NO;
				GCC_NO_COMMON_BLOCKS = YES;
				GCC_OPTIMIZATION_LEVEL = 0;
				GCC_PREPROCESSOR_DEFINITIONS = (
					"DEBUG=1",
					"$(inherited)",
				);
				GCC_WARN_64_TO_32_BIT_CONVERSION = YES;
				GCC_WARN_ABOUT_RETURN_TYPE = YES_ERROR;
				GCC_WARN_UNDECLARED_SELECTOR = YES;
				GCC_WARN_UNINITIALIZED_AUTOS = YES_AGGRESSIVE;
				GCC_WARN_UNUSED_FUNCTION = YES;
				GCC_WARN_UNUSED_VARIABLE = YES;
				IPHONEOS_DEPLOYMENT_TARGET = 18.4;
				LOCALIZATION_PREFERS_STRING_CATALOGS = YES;
				MTL_ENABLE_DEBUG_INFO = INCLUDE_SOURCE;
				MTL_FAST_MATH = YES;
				ONLY_ACTIVE_ARCH = YES;
				SDKROOT = iphoneos;
				SWIFT_ACTIVE_COMPILATION_CONDITIONS = "DEBUG $(inherited)";
				SWIFT_OPTIMIZATION_LEVEL = "-Onone";
			};
			name = Debug;
		};
		8BED080E2DE0D68500838DD7 /* Release */ = {
			isa = XCBuildConfiguration;
			buildSettings = {
				ALWAYS_SEARCH_USER_PATHS = NO;
				ASSETCATALOG_COMPILER_GENERATE_SWIFT_ASSET_SYMBOL_EXTENSIONS = YES;
				CLANG_ANALYZER_NONNULL = YES;
				CLANG_ANALYZER_NUMBER_OBJECT_CONVERSION = YES_AGGRESSIVE;
				CLANG_CXX_LANGUAGE_STANDARD = "gnu++20";
				CLANG_ENABLE_MODULES = YES;
				CLANG_ENABLE_OBJC_ARC = YES;
				CLANG_ENABLE_OBJC_WEAK = YES;
				CLANG_WARN_BLOCK_CAPTURE_AUTORELEASING = YES;
				CLANG_WARN_BOOL_CONVERSION = YES;
				CLANG_WARN_COMMA = YES;
				CLANG_WARN_CONSTANT_CONVERSION = YES;
				CLANG_WARN_DEPRECATED_OBJC_IMPLEMENTATIONS = YES;
				CLANG_WARN_DIRECT_OBJC_ISA_USAGE = YES_ERROR;
				CLANG_WARN_DOCUMENTATION_COMMENTS = YES;
				CLANG_WARN_EMPTY_BODY = YES;
				CLANG_WARN_ENUM_CONVERSION = YES;
				CLANG_WARN_INFINITE_RECURSION = YES;
				CLANG_WARN_INT_CONVERSION = YES;
				CLANG_WARN_NON_LITERAL_NULL_CONVERSION = YES;
				CLANG_WARN_OBJC_IMPLICIT_RETAIN_SELF = YES;
				CLANG_WARN_OBJC_LITERAL_CONVERSION = YES;
				CLANG_WARN_OBJC_ROOT_CLASS = YES_ERROR;
				CLANG_WARN_QUOTED_INCLUDE_IN_FRAMEWORK_HEADER = YES;
				CLANG_WARN_RANGE_LOOP_ANALYSIS = YES;
				CLANG_WARN_STRICT_PROTOTYPES = YES;
				CLANG_WARN_SUSPICIOUS_MOVE = YES;
				CLANG_WARN_UNGUARDED_AVAILABILITY = YES_AGGRESSIVE;
				CLANG_WARN_UNREACHABLE_CODE = YES;
				CLANG_WARN__DUPLICATE_METHOD_MATCH = YES;
				COPY_PHASE_STRIP = NO;
				DEBUG_INFORMATION_FORMAT = "dwarf-with-dsym";
				DEVELOPMENT_TEAM = 969V354CHJ;
				ENABLE_NS_ASSERTIONS = NO;
				ENABLE_STRICT_OBJC_MSGSEND = YES;
				ENABLE_USER_SCRIPT_SANDBOXING = YES;
				GCC_C_LANGUAGE_STANDARD = gnu17;
				GCC_NO_COMMON_BLOCKS = YES;
				GCC_WARN_64_TO_32_BIT_CONVERSION = YES;
				GCC_WARN_ABOUT_RETURN_TYPE = YES_ERROR;
				GCC_WARN_UNDECLARED_SELECTOR = YES;
				GCC_WARN_UNINITIALIZED_AUTOS = YES_AGGRESSIVE;
				GCC_WARN_UNUSED_FUNCTION = YES;
				GCC_WARN_UNUSED_VARIABLE = YES;
				IPHONEOS_DEPLOYMENT_TARGET = 18.4;
				LOCALIZATION_PREFERS_STRING_CATALOGS = YES;
				MTL_ENABLE_DEBUG_INFO = NO;
				MTL_FAST_MATH = YES;
				SDKROOT = iphoneos;
				SWIFT_COMPILATION_MODE = wholemodule;
				VALIDATE_PRODUCT = YES;
			};
			name = Release;
		};
		8BED08102DE0D68500838DD7 /* Debug */ = {
			isa = XCBuildConfiguration;
			buildSettings = {
				ASSETCATALOG_COMPILER_APPICON_NAME = AppIcon;
				ASSETCATALOG_COMPILER_GLOBAL_ACCENT_COLOR_NAME = AccentColor;
				CODE_SIGN_ENTITLEMENTS = App/BeatRate.entitlements;
				"CODE_SIGN_IDENTITY[sdk=iphoneos*]" = "iPhone Developer";
				CODE_SIGN_STYLE = Manual;
				CURRENT_PROJECT_VERSION = 1;
				DEVELOPMENT_TEAM = "";
				"DEVELOPMENT_TEAM[sdk=iphoneos*]" = 969V354CHJ;
				ENABLE_PREVIEWS = YES;
				GENERATE_INFOPLIST_FILE = YES;
				INFOPLIST_KEY_UIApplicationSceneManifest_Generation = YES;
				INFOPLIST_KEY_UIApplicationSupportsIndirectInputEvents = YES;
				INFOPLIST_KEY_UILaunchScreen_Generation = YES;
				INFOPLIST_KEY_UISupportedInterfaceOrientations_iPad = "UIInterfaceOrientationPortrait UIInterfaceOrientationPortraitUpsideDown UIInterfaceOrientationLandscapeLeft UIInterfaceOrientationLandscapeRight";
				INFOPLIST_KEY_UISupportedInterfaceOrientations_iPhone = "UIInterfaceOrientationPortrait UIInterfaceOrientationLandscapeLeft UIInterfaceOrientationLandscapeRight";
				IPHONEOS_DEPLOYMENT_TARGET = 18.0;
				LD_RUNPATH_SEARCH_PATHS = (
					"$(inherited)",
					"@executable_path/Frameworks",
				);
				MARKETING_VERSION = 1.0;
				PRODUCT_BUNDLE_IDENTIFIER = tomasz.wojtyniak.beat.rate;
				PRODUCT_NAME = "$(TARGET_NAME)";
				PROVISIONING_PROFILE_SPECIFIER = "";
				"PROVISIONING_PROFILE_SPECIFIER[sdk=iphoneos*]" = "BeatRate Development";
				SWIFT_EMIT_LOC_STRINGS = YES;
				SWIFT_VERSION = 5.0;
				TARGETED_DEVICE_FAMILY = "1,2";
			};
			name = Debug;
		};
		8BED08112DE0D68500838DD7 /* Release */ = {
			isa = XCBuildConfiguration;
			buildSettings = {
				ASSETCATALOG_COMPILER_APPICON_NAME = AppIcon;
				ASSETCATALOG_COMPILER_GLOBAL_ACCENT_COLOR_NAME = AccentColor;
				CODE_SIGN_ENTITLEMENTS = App/BeatRate.entitlements;
				"CODE_SIGN_IDENTITY[sdk=iphoneos*]" = "iPhone Distribution";
				CODE_SIGN_STYLE = Manual;
				CURRENT_PROJECT_VERSION = 1;
				DEVELOPMENT_TEAM = "";
				"DEVELOPMENT_TEAM[sdk=iphoneos*]" = 969V354CHJ;
				ENABLE_PREVIEWS = YES;
				GENERATE_INFOPLIST_FILE = YES;
				INFOPLIST_KEY_UIApplicationSceneManifest_Generation = YES;
				INFOPLIST_KEY_UIApplicationSupportsIndirectInputEvents = YES;
				INFOPLIST_KEY_UILaunchScreen_Generation = YES;
				INFOPLIST_KEY_UISupportedInterfaceOrientations_iPad = "UIInterfaceOrientationPortrait UIInterfaceOrientationPortraitUpsideDown UIInterfaceOrientationLandscapeLeft UIInterfaceOrientationLandscapeRight";
				INFOPLIST_KEY_UISupportedInterfaceOrientations_iPhone = "UIInterfaceOrientationPortrait UIInterfaceOrientationLandscapeLeft UIInterfaceOrientationLandscapeRight";
				IPHONEOS_DEPLOYMENT_TARGET = 18.0;
				LD_RUNPATH_SEARCH_PATHS = (
					"$(inherited)",
					"@executable_path/Frameworks",
				);
				MARKETING_VERSION = 1.0;
				PRODUCT_BUNDLE_IDENTIFIER = tomasz.wojtyniak.beat.rate;
				PRODUCT_NAME = "$(TARGET_NAME)";
				PROVISIONING_PROFILE_SPECIFIER = "";
				"PROVISIONING_PROFILE_SPECIFIER[sdk=iphoneos*]" = "BeatRate Distribution";
				SWIFT_EMIT_LOC_STRINGS = YES;
				SWIFT_VERSION = 5.0;
				TARGETED_DEVICE_FAMILY = "1,2";
			};
			name = Release;
		};
		8BED08132DE0D68500838DD7 /* Debug */ = {
			isa = XCBuildConfiguration;
			buildSettings = {
				BUNDLE_LOADER = "$(TEST_HOST)";
				CODE_SIGN_STYLE = Automatic;
				CURRENT_PROJECT_VERSION = 1;
				DEVELOPMENT_TEAM = 969V354CHJ;
				GENERATE_INFOPLIST_FILE = YES;
				IPHONEOS_DEPLOYMENT_TARGET = 18.4;
				MARKETING_VERSION = 1.0;
				PRODUCT_BUNDLE_IDENTIFIER = TomaszWojtyniak.BeatRateTests;
				PRODUCT_NAME = "$(TARGET_NAME)";
				SWIFT_EMIT_LOC_STRINGS = NO;
				SWIFT_VERSION = 5.0;
				TARGETED_DEVICE_FAMILY = "1,2";
				TEST_HOST = "$(BUILT_PRODUCTS_DIR)/BeatRate.app/$(BUNDLE_EXECUTABLE_FOLDER_PATH)/BeatRate";
			};
			name = Debug;
		};
		8BED08142DE0D68500838DD7 /* Release */ = {
			isa = XCBuildConfiguration;
			buildSettings = {
				BUNDLE_LOADER = "$(TEST_HOST)";
				CODE_SIGN_STYLE = Automatic;
				CURRENT_PROJECT_VERSION = 1;
				DEVELOPMENT_TEAM = 969V354CHJ;
				GENERATE_INFOPLIST_FILE = YES;
				IPHONEOS_DEPLOYMENT_TARGET = 18.4;
				MARKETING_VERSION = 1.0;
				PRODUCT_BUNDLE_IDENTIFIER = TomaszWojtyniak.BeatRateTests;
				PRODUCT_NAME = "$(TARGET_NAME)";
				SWIFT_EMIT_LOC_STRINGS = NO;
				SWIFT_VERSION = 5.0;
				TARGETED_DEVICE_FAMILY = "1,2";
				TEST_HOST = "$(BUILT_PRODUCTS_DIR)/BeatRate.app/$(BUNDLE_EXECUTABLE_FOLDER_PATH)/BeatRate";
			};
			name = Release;
		};
		8BED08162DE0D68500838DD7 /* Debug */ = {
			isa = XCBuildConfiguration;
			buildSettings = {
				CODE_SIGN_STYLE = Automatic;
				CURRENT_PROJECT_VERSION = 1;
				DEVELOPMENT_TEAM = 969V354CHJ;
				GENERATE_INFOPLIST_FILE = YES;
				MARKETING_VERSION = 1.0;
				PRODUCT_BUNDLE_IDENTIFIER = TomaszWojtyniak.BeatRateUITests;
				PRODUCT_NAME = "$(TARGET_NAME)";
				SWIFT_EMIT_LOC_STRINGS = NO;
				SWIFT_VERSION = 5.0;
				TARGETED_DEVICE_FAMILY = "1,2";
				TEST_TARGET_NAME = BeatRate;
			};
			name = Debug;
		};
		8BED08172DE0D68500838DD7 /* Release */ = {
			isa = XCBuildConfiguration;
			buildSettings = {
				CODE_SIGN_STYLE = Automatic;
				CURRENT_PROJECT_VERSION = 1;
				DEVELOPMENT_TEAM = 969V354CHJ;
				GENERATE_INFOPLIST_FILE = YES;
				MARKETING_VERSION = 1.0;
				PRODUCT_BUNDLE_IDENTIFIER = TomaszWojtyniak.BeatRateUITests;
				PRODUCT_NAME = "$(TARGET_NAME)";
				SWIFT_EMIT_LOC_STRINGS = NO;
				SWIFT_VERSION = 5.0;
				TARGETED_DEVICE_FAMILY = "1,2";
				TEST_TARGET_NAME = BeatRate;
			};
			name = Release;
		};
		8BED08442DE0DBFB00838DD7 /* Debug */ = {
			isa = XCBuildConfiguration;
			buildSettings = {
				ASSETCATALOG_COMPILER_APPICON_NAME = AppIcon;
				ASSETCATALOG_COMPILER_GLOBAL_ACCENT_COLOR_NAME = AccentColor;
				ASSETCATALOG_COMPILER_INCLUDE_ALL_APPICON_ASSETS = YES;
				CODE_SIGN_ENTITLEMENTS = "App/BeatRate Development.entitlements";
				"CODE_SIGN_IDENTITY[sdk=iphoneos*]" = "iPhone Developer";
				CODE_SIGN_STYLE = Manual;
				CURRENT_PROJECT_VERSION = 1;
				DEVELOPMENT_TEAM = "";
				"DEVELOPMENT_TEAM[sdk=iphoneos*]" = 969V354CHJ;
				ENABLE_PREVIEWS = YES;
				GENERATE_INFOPLIST_FILE = YES;
				INFOPLIST_KEY_CFBundleDisplayName = "BeatRate Development";
				INFOPLIST_KEY_LSApplicationCategoryType = "public.app-category.music";
				INFOPLIST_KEY_UIApplicationSceneManifest_Generation = YES;
				INFOPLIST_KEY_UIApplicationSupportsIndirectInputEvents = YES;
				INFOPLIST_KEY_UILaunchScreen_Generation = YES;
				INFOPLIST_KEY_UISupportedInterfaceOrientations = "UIInterfaceOrientationLandscapeLeft UIInterfaceOrientationLandscapeRight UIInterfaceOrientationPortrait";
				INFOPLIST_KEY_UISupportedInterfaceOrientations_iPad = "UIInterfaceOrientationLandscapeLeft UIInterfaceOrientationLandscapeRight UIInterfaceOrientationPortrait UIInterfaceOrientationPortraitUpsideDown";
				IPHONEOS_DEPLOYMENT_TARGET = 18.0;
				LD_RUNPATH_SEARCH_PATHS = (
					"$(inherited)",
					"@executable_path/Frameworks",
				);
				MARKETING_VERSION = 1.0;
				PRODUCT_BUNDLE_IDENTIFIER = tomasz.wojtyniak.beat.rate.development;
				PRODUCT_NAME = "$(TARGET_NAME)";
				PROVISIONING_PROFILE_SPECIFIER = "";
				"PROVISIONING_PROFILE_SPECIFIER[sdk=iphoneos*]" = "BeatRate Development Development";
				SWIFT_EMIT_LOC_STRINGS = YES;
				SWIFT_UPCOMING_FEATURE_EXISTENTIAL_ANY = YES;
				SWIFT_VERSION = 6.0;
				TARGETED_DEVICE_FAMILY = "1,2";
			};
			name = Debug;
		};
		8BED08452DE0DBFB00838DD7 /* Release */ = {
			isa = XCBuildConfiguration;
			buildSettings = {
				ASSETCATALOG_COMPILER_APPICON_NAME = AppIcon;
				ASSETCATALOG_COMPILER_GLOBAL_ACCENT_COLOR_NAME = AccentColor;
				ASSETCATALOG_COMPILER_INCLUDE_ALL_APPICON_ASSETS = YES;
				CODE_SIGN_ENTITLEMENTS = "App/BeatRate Development.entitlements";
				"CODE_SIGN_IDENTITY[sdk=iphoneos*]" = "iPhone Distribution";
				CODE_SIGN_STYLE = Manual;
				CURRENT_PROJECT_VERSION = 1;
				DEVELOPMENT_TEAM = "";
				"DEVELOPMENT_TEAM[sdk=iphoneos*]" = 969V354CHJ;
				ENABLE_PREVIEWS = YES;
				GENERATE_INFOPLIST_FILE = YES;
				INFOPLIST_KEY_CFBundleDisplayName = "BeatRate Development";
				INFOPLIST_KEY_LSApplicationCategoryType = "public.app-category.music";
				INFOPLIST_KEY_UIApplicationSceneManifest_Generation = YES;
				INFOPLIST_KEY_UIApplicationSupportsIndirectInputEvents = YES;
				INFOPLIST_KEY_UILaunchScreen_Generation = YES;
				INFOPLIST_KEY_UISupportedInterfaceOrientations = "UIInterfaceOrientationLandscapeLeft UIInterfaceOrientationLandscapeRight UIInterfaceOrientationPortrait";
				INFOPLIST_KEY_UISupportedInterfaceOrientations_iPad = "UIInterfaceOrientationLandscapeLeft UIInterfaceOrientationLandscapeRight UIInterfaceOrientationPortrait UIInterfaceOrientationPortraitUpsideDown";
				IPHONEOS_DEPLOYMENT_TARGET = 18.0;
				LD_RUNPATH_SEARCH_PATHS = (
					"$(inherited)",
					"@executable_path/Frameworks",
				);
				MARKETING_VERSION = 1.0;
				PRODUCT_BUNDLE_IDENTIFIER = tomasz.wojtyniak.beat.rate.development;
				PRODUCT_NAME = "$(TARGET_NAME)";
				PROVISIONING_PROFILE_SPECIFIER = "";
				"PROVISIONING_PROFILE_SPECIFIER[sdk=iphoneos*]" = "BeatRate Development Distribution";
				SWIFT_EMIT_LOC_STRINGS = YES;
				SWIFT_UPCOMING_FEATURE_EXISTENTIAL_ANY = YES;
				SWIFT_VERSION = 6.0;
				TARGETED_DEVICE_FAMILY = "1,2";
			};
			name = Release;
		};
/* End XCBuildConfiguration section */

/* Begin XCConfigurationList section */
		8BED07E92DE0D68300838DD7 /* Build configuration list for PBXProject "BeatRate" */ = {
			isa = XCConfigurationList;
			buildConfigurations = (
				8BED080D2DE0D68500838DD7 /* Debug */,
				8BED080E2DE0D68500838DD7 /* Release */,
			);
			defaultConfigurationIsVisible = 0;
			defaultConfigurationName = Release;
		};
		8BED080F2DE0D68500838DD7 /* Build configuration list for PBXNativeTarget "BeatRate" */ = {
			isa = XCConfigurationList;
			buildConfigurations = (
				8BED08102DE0D68500838DD7 /* Debug */,
				8BED08112DE0D68500838DD7 /* Release */,
			);
			defaultConfigurationIsVisible = 0;
			defaultConfigurationName = Release;
		};
		8BED08122DE0D68500838DD7 /* Build configuration list for PBXNativeTarget "BeatRateTests" */ = {
			isa = XCConfigurationList;
			buildConfigurations = (
				8BED08132DE0D68500838DD7 /* Debug */,
				8BED08142DE0D68500838DD7 /* Release */,
			);
			defaultConfigurationIsVisible = 0;
			defaultConfigurationName = Release;
		};
		8BED08152DE0D68500838DD7 /* Build configuration list for PBXNativeTarget "BeatRateUITests" */ = {
			isa = XCConfigurationList;
			buildConfigurations = (
				8BED08162DE0D68500838DD7 /* Debug */,
				8BED08172DE0D68500838DD7 /* Release */,
			);
			defaultConfigurationIsVisible = 0;
			defaultConfigurationName = Release;
		};
		8BED08432DE0DBFB00838DD7 /* Build configuration list for PBXNativeTarget "BeatRate Development" */ = {
			isa = XCConfigurationList;
			buildConfigurations = (
				8BED08442DE0DBFB00838DD7 /* Debug */,
				8BED08452DE0DBFB00838DD7 /* Release */,
			);
			defaultConfigurationIsVisible = 0;
			defaultConfigurationName = Release;
		};
/* End XCConfigurationList section */

/* Begin XCSwiftPackageProductDependency section */
		8BED088A2DE100BC00838DD7 /* TabBar */ = {
			isa = XCSwiftPackageProductDependency;
			productName = TabBar;
		};
		8BED088C2DE1031900838DD7 /* Login */ = {
			isa = XCSwiftPackageProductDependency;
			productName = Login;
		};
		8BED089B2DE645E800838DD7 /* Login */ = {
			isa = XCSwiftPackageProductDependency;
			productName = Login;
		};
		8BED089D2DE645EE00838DD7 /* TabBar */ = {
			isa = XCSwiftPackageProductDependency;
			productName = TabBar;
		};
/* End XCSwiftPackageProductDependency section */
	};
	rootObject = 8BED07E62DE0D68300838DD7 /* Project object */;
}
